
Microsoft Visual Studio Solution File, Format Version 12.00
# Visual Studio Version 17
VisualStudioVersion = 17.3.32804.467
MinimumVisualStudioVersion = 10.0.40219.1
Project("{FAE04EC0-301F-11D3-BF4B-00C04F79EFBC}") = "LinqQuestions", "LinqQuestions.csproj", "{07FADA8D-62E2-4A34-8D38-72CF257FEE12}"
EndProject
Project("{FAE04EC0-301F-11D3-BF4B-00C04F79EFBC}") = "LinqQuestionsTests", "..\LinqQuestionsTests\LinqQuestionsTests.csproj", "{73B9F788-C438-4B71-B846-32C1AA6405EE}"
EndProject
Global
	GlobalSection(SolutionConfigurationPlatforms) = preSolution
		Debug|Any CPU = Debug|Any CPU
		Release|Any CPU = Release|Any CPU
	EndGlobalSection
	GlobalSection(ProjectConfigurationPlatforms) = postSolution
		{07FADA8D-62E2-4A34-8D38-72CF257FEE12}.Debug|Any CPU.ActiveCfg = Debug|Any CPU
		{07FADA8D-62E2-4A34-8D38-72CF257FEE12}.Debug|Any CPU.Build.0 = Debug|Any CPU
		{07FADA8D-62E2-4A34-8D38-72CF257FEE12}.Release|Any CPU.ActiveCfg = Release|Any CPU
		{07FADA8D-62E2-4A34-8D38-72CF257FEE12}.Release|Any CPU.Build.0 = Release|Any CPU
		{73B9F788-C438-4B71-B846-32C1AA6405EE}.Debug|Any CPU.ActiveCfg = Debug|Any CPU
		{73B9F788-C438-4B71-B846-32C1AA6405EE}.Debug|Any CPU.Build.0 = Debug|Any CPU
		{73B9F788-C438-4B71-B846-32C1AA6405EE}.Release|Any CPU.ActiveCfg = Release|Any CPU
		{73B9F788-C438-4B71-B846-32C1AA6405EE}.Release|Any CPU.Build.0 = Release|Any CPU
	EndGlobalSection
	GlobalSection(SolutionProperties) = preSolution
		HideSolutionNode = FALSE
	EndGlobalSection
	GlobalSection(ExtensibilityGlobals) = postSolution
		SolutionGuid = {67BA546D-904F-4029-BF3C-0F079AEE6C7D}
	EndGlobalSection
EndGlobal
